#MicroXplorer Configuration settings - do not modify
ADC1.Channel-1\#ChannelRegularConversion=ADC_CHANNEL_3
ADC1.ClockPrescaler=ADC_CLOCK_ASYNC_DIV1
ADC1.ClockPrescalerADC3=ADC_CLOCK_ASYNC_DIV16
ADC1.ContinuousConvMode=ENABLE
ADC1.ConversionDataManagement=ADC_CONVERSIONDATA_DMA_CIRCULAR
ADC1.ExternalTrigConv=ADC_SOFTWARE_START
ADC1.IPParameters=Rank-1\#ChannelRegularConversion,Channel-1\#ChannelRegularConversion,SamplingTime-1\#ChannelRegularConversion,OffsetNumber-1\#ChannelRegularConversion,OffsetSignedSaturation-1\#ChannelRegularConversion,NbrOfConversionFlag,SingleDiff-1\#ChannelRegularConversion,master,ClockPrescaler,ContinuousConvMode,ConversionDataManagement,ClockPrescalerADC3,ExternalTrigConv,Mode
ADC1.Mode=ADC_MODE_INDEPENDENT
ADC1.NbrOfConversionFlag=1
ADC1.OffsetNumber-1\#ChannelRegularConversion=ADC_OFFSET_NONE
ADC1.OffsetSignedSaturation-1\#ChannelRegularConversion=DISABLE
ADC1.Rank-1\#ChannelRegularConversion=1
ADC1.SamplingTime-1\#ChannelRegularConversion=ADC_SAMPLETIME_2CYCLES_5
ADC1.SingleDiff-1\#ChannelRegularConversion=ADC_DIFFERENTIAL_ENDED
ADC1.master=1
ADC2.Channel-1\#ChannelRegularConversion=ADC_CHANNEL_5
ADC2.ClockPrescalerADC3=ADC_CLOCK_ASYNC_DIV16
ADC2.ContinuousConvMode=ENABLE
ADC2.ConversionDataManagement=ADC_CONVERSIONDATA_DMA_CIRCULAR
ADC2.IPParameters=Rank-1\#ChannelRegularConversion,Channel-1\#ChannelRegularConversion,SingleDiff-1\#ChannelRegularConversion,SamplingTime-1\#ChannelRegularConversion,OffsetNumber-1\#ChannelRegularConversion,OffsetSignedSaturation-1\#ChannelRegularConversion,NbrOfConversionFlag,ContinuousConvMode,ConversionDataManagement,ClockPrescalerADC3
ADC2.NbrOfConversionFlag=1
ADC2.OffsetNumber-1\#ChannelRegularConversion=ADC_OFFSET_NONE
ADC2.OffsetSignedSaturation-1\#ChannelRegularConversion=DISABLE
ADC2.Rank-1\#ChannelRegularConversion=1
ADC2.SamplingTime-1\#ChannelRegularConversion=ADC_SAMPLETIME_2CYCLES_5
ADC2.SingleDiff-1\#ChannelRegularConversion=ADC_DIFFERENTIAL_ENDED
ADC3.Channel-4\#ChannelRegularConversion=ADC_CHANNEL_0
ADC3.ClockPrescaler=ADC_CLOCK_ASYNC_DIV1
ADC3.ClockPrescalerADC3=ADC_CLOCK_ASYNC_DIV16
ADC3.IPParameters=Rank-4\#ChannelRegularConversion,Channel-4\#ChannelRegularConversion,SamplingTime-4\#ChannelRegularConversion,OffsetNumber-4\#ChannelRegularConversion,OffsetSign-4\#ChannelRegularConversion,NbrOfConversionFlag,ClockPrescaler,ClockPrescalerADC3,Ratio,OversamplingMode
ADC3.NbrOfConversionFlag=1
ADC3.OffsetNumber-4\#ChannelRegularConversion=ADC_OFFSET_NONE
ADC3.OffsetSign-4\#ChannelRegularConversion=ADC3_OFFSET_SIGN_NEGATIVE
ADC3.OversamplingMode=ENABLE
ADC3.Rank-4\#ChannelRegularConversion=1
ADC3.Ratio=ADC3_OVERSAMPLING_RATIO_4
ADC3.SamplingTime-4\#ChannelRegularConversion=ADC3_SAMPLETIME_12CYCLES_5
CAD.formats=
CAD.pinconfig=
CAD.provider=
CORTEX_M7.AccessPermission-Cortex_Memory_Protection_Unit_Region0_Settings=MPU_REGION_FULL_ACCESS
CORTEX_M7.BaseAddress-Cortex_Memory_Protection_Unit_Region0_Settings=0x30000000
CORTEX_M7.CPU_DCache=Enabled
CORTEX_M7.CPU_ICache=Enabled
CORTEX_M7.Enable-Cortex_Memory_Protection_Unit_Region0_Settings=MPU_REGION_ENABLE
CORTEX_M7.IPParameters=CPU_ICache,MPU_Control,Enable-Cortex_Memory_Protection_Unit_Region0_Settings,CPU_DCache,BaseAddress-Cortex_Memory_Protection_Unit_Region0_Settings,Size-Cortex_Memory_Protection_Unit_Region0_Settings,AccessPermission-Cortex_Memory_Protection_Unit_Region0_Settings,IsShareable-Cortex_Memory_Protection_Unit_Region0_Settings
CORTEX_M7.IsShareable-Cortex_Memory_Protection_Unit_Region0_Settings=MPU_ACCESS_SHAREABLE
CORTEX_M7.MPU_Control=MPU_HFNMI_PRIVDEF
CORTEX_M7.Size-Cortex_Memory_Protection_Unit_Region0_Settings=MPU_REGION_SIZE_32KB
DAC1.DAC1_OutputBuffer-DAC_OUT1=DAC_OUTPUTBUFFER_DISABLE
DAC1.DAC2_OutputBuffer-DAC_OUT2=DAC_OUTPUTBUFFER_DISABLE
DAC1.DAC_Channel-DAC_OUT1=DAC_CHANNEL_1
DAC1.DAC_Channel-DAC_OUT2=DAC_CHANNEL_2
DAC1.DAC_Trigger-DAC_OUT1=DAC_TRIGGER_T7_TRGO
DAC1.DAC_Trigger-DAC_OUT2=DAC_TRIGGER_T7_TRGO
DAC1.IPParameters=DAC_Channel-DAC_OUT1,DAC1_OutputBuffer-DAC_OUT1,DAC_Trigger-DAC_OUT1,DAC_Channel-DAC_OUT2,DAC2_OutputBuffer-DAC_OUT2,DAC_Trigger-DAC_OUT2
Dma.ADC1.1.Direction=DMA_PERIPH_TO_MEMORY
Dma.ADC1.1.EventEnable=DISABLE
Dma.ADC1.1.FIFOMode=DMA_FIFOMODE_DISABLE
Dma.ADC1.1.Instance=DMA1_Stream1
Dma.ADC1.1.MemDataAlignment=DMA_MDATAALIGN_HALFWORD
Dma.ADC1.1.MemInc=DMA_MINC_ENABLE
Dma.ADC1.1.Mode=DMA_CIRCULAR
Dma.ADC1.1.PeriphDataAlignment=DMA_PDATAALIGN_HALFWORD
Dma.ADC1.1.PeriphInc=DMA_PINC_DISABLE
Dma.ADC1.1.Polarity=HAL_DMAMUX_REQ_GEN_RISING
Dma.ADC1.1.Priority=DMA_PRIORITY_LOW
Dma.ADC1.1.RequestNumber=1
Dma.ADC1.1.RequestParameters=Instance,Direction,PeriphInc,MemInc,PeriphDataAlignment,MemDataAlignment,Mode,Priority,FIFOMode,SignalID,Polarity,RequestNumber,SyncSignalID,SyncPolarity,SyncEnable,EventEnable,SyncRequestNumber
Dma.ADC1.1.SignalID=NONE
Dma.ADC1.1.SyncEnable=DISABLE
Dma.ADC1.1.SyncPolarity=HAL_DMAMUX_SYNC_NO_EVENT
Dma.ADC1.1.SyncRequestNumber=1
Dma.ADC1.1.SyncSignalID=NONE
Dma.ADC2.0.Direction=DMA_PERIPH_TO_MEMORY
Dma.ADC2.0.EventEnable=DISABLE
Dma.ADC2.0.FIFOMode=DMA_FIFOMODE_DISABLE
Dma.ADC2.0.Instance=DMA1_Stream0
Dma.ADC2.0.MemDataAlignment=DMA_MDATAALIGN_HALFWORD
Dma.ADC2.0.MemInc=DMA_MINC_ENABLE
Dma.ADC2.0.Mode=DMA_CIRCULAR
Dma.ADC2.0.PeriphDataAlignment=DMA_PDATAALIGN_HALFWORD
Dma.ADC2.0.PeriphInc=DMA_PINC_DISABLE
Dma.ADC2.0.Polarity=HAL_DMAMUX_REQ_GEN_RISING
Dma.ADC2.0.Priority=DMA_PRIORITY_LOW
Dma.ADC2.0.RequestNumber=1
Dma.ADC2.0.RequestParameters=Instance,Direction,PeriphInc,MemInc,PeriphDataAlignment,MemDataAlignment,Mode,Priority,FIFOMode,SignalID,Polarity,RequestNumber,SyncSignalID,SyncPolarity,SyncEnable,EventEnable,SyncRequestNumber
Dma.ADC2.0.SignalID=NONE
Dma.ADC2.0.SyncEnable=DISABLE
Dma.ADC2.0.SyncPolarity=HAL_DMAMUX_SYNC_NO_EVENT
Dma.ADC2.0.SyncRequestNumber=1
Dma.ADC2.0.SyncSignalID=NONE
Dma.DAC1_CH1.2.Direction=DMA_MEMORY_TO_PERIPH
Dma.DAC1_CH1.2.EventEnable=DISABLE
Dma.DAC1_CH1.2.FIFOMode=DMA_FIFOMODE_DISABLE
Dma.DAC1_CH1.2.Instance=DMA1_Stream2
Dma.DAC1_CH1.2.MemDataAlignment=DMA_MDATAALIGN_HALFWORD
Dma.DAC1_CH1.2.MemInc=DMA_MINC_ENABLE
Dma.DAC1_CH1.2.Mode=DMA_CIRCULAR
Dma.DAC1_CH1.2.PeriphDataAlignment=DMA_PDATAALIGN_HALFWORD
Dma.DAC1_CH1.2.PeriphInc=DMA_PINC_DISABLE
Dma.DAC1_CH1.2.Polarity=HAL_DMAMUX_REQ_GEN_RISING
Dma.DAC1_CH1.2.Priority=DMA_PRIORITY_HIGH
Dma.DAC1_CH1.2.RequestNumber=1
Dma.DAC1_CH1.2.RequestParameters=Instance,Direction,PeriphInc,MemInc,PeriphDataAlignment,MemDataAlignment,Mode,Priority,FIFOMode,SignalID,Polarity,RequestNumber,SyncSignalID,SyncPolarity,SyncEnable,EventEnable,SyncRequestNumber
Dma.DAC1_CH1.2.SignalID=NONE
Dma.DAC1_CH1.2.SyncEnable=DISABLE
Dma.DAC1_CH1.2.SyncPolarity=HAL_DMAMUX_SYNC_NO_EVENT
Dma.DAC1_CH1.2.SyncRequestNumber=1
Dma.DAC1_CH1.2.SyncSignalID=NONE
Dma.DAC1_CH2.3.Direction=DMA_MEMORY_TO_PERIPH
Dma.DAC1_CH2.3.EventEnable=DISABLE
Dma.DAC1_CH2.3.FIFOMode=DMA_FIFOMODE_DISABLE
Dma.DAC1_CH2.3.Instance=DMA1_Stream3
Dma.DAC1_CH2.3.MemDataAlignment=DMA_MDATAALIGN_HALFWORD
Dma.DAC1_CH2.3.MemInc=DMA_MINC_ENABLE
Dma.DAC1_CH2.3.Mode=DMA_CIRCULAR
Dma.DAC1_CH2.3.PeriphDataAlignment=DMA_PDATAALIGN_HALFWORD
Dma.DAC1_CH2.3.PeriphInc=DMA_PINC_DISABLE
Dma.DAC1_CH2.3.Polarity=HAL_DMAMUX_REQ_GEN_RISING
Dma.DAC1_CH2.3.Priority=DMA_PRIORITY_HIGH
Dma.DAC1_CH2.3.RequestNumber=1
Dma.DAC1_CH2.3.RequestParameters=Instance,Direction,PeriphInc,MemInc,PeriphDataAlignment,MemDataAlignment,Mode,Priority,FIFOMode,SignalID,Polarity,RequestNumber,SyncSignalID,SyncPolarity,SyncEnable,EventEnable,SyncRequestNumber
Dma.DAC1_CH2.3.SignalID=NONE
Dma.DAC1_CH2.3.SyncEnable=DISABLE
Dma.DAC1_CH2.3.SyncPolarity=HAL_DMAMUX_SYNC_NO_EVENT
Dma.DAC1_CH2.3.SyncRequestNumber=1
Dma.DAC1_CH2.3.SyncSignalID=NONE
Dma.Request0=ADC2
Dma.Request1=ADC1
Dma.Request2=DAC1_CH1
Dma.Request3=DAC1_CH2
Dma.RequestsNb=4
File.Version=6
GPIO.groupedBy=Group By Peripherals
KeepUserPlacement=false
MMTAppRegionsCount=0
MMTConfigApplied=false
Mcu.CPN=STM32H730VBT6
Mcu.Family=STM32H7
Mcu.IP0=ADC1
Mcu.IP1=ADC2
Mcu.IP10=RNG
Mcu.IP11=SYS
Mcu.IP12=TIM3
Mcu.IP13=TIM4
Mcu.IP14=TIM7
Mcu.IP15=TIM15
Mcu.IP16=UART8
Mcu.IP2=ADC3
Mcu.IP3=CORTEX_M7
Mcu.IP4=DAC1
Mcu.IP5=DEBUG
Mcu.IP6=DMA
Mcu.IP7=MEMORYMAP
Mcu.IP8=NVIC
Mcu.IP9=RCC
Mcu.IPNb=17
Mcu.Name=STM32H730VBTx
Mcu.Package=LQFP100
Mcu.Pin0=PH0-OSC_IN
Mcu.Pin1=PH1-OSC_OUT
Mcu.Pin10=PE8
Mcu.Pin11=PE9
Mcu.Pin12=PE10
Mcu.Pin13=PE11
Mcu.Pin14=PE12
Mcu.Pin15=PE13
Mcu.Pin16=PE14
Mcu.Pin17=PE15
Mcu.Pin18=PB10
Mcu.Pin19=PB11
Mcu.Pin2=PC2_C
Mcu.Pin20=PB12
Mcu.Pin21=PB13
Mcu.Pin22=PB14
Mcu.Pin23=PB15
Mcu.Pin24=PD8
Mcu.Pin25=PD12
Mcu.Pin26=PD13
Mcu.Pin27=PD14
Mcu.Pin28=PC6
Mcu.Pin29=PC7
Mcu.Pin3=PA4
Mcu.Pin30=PC8
Mcu.Pin31=PA8
Mcu.Pin32=PA13(JTMS/SWDIO)
Mcu.Pin33=PA14(JTCK/SWCLK)
Mcu.Pin34=PD0
Mcu.Pin35=PD1
Mcu.Pin36=PD2
Mcu.Pin37=PD3
Mcu.Pin38=PD4
Mcu.Pin39=PD5
Mcu.Pin4=PA5
Mcu.Pin40=PD6
Mcu.Pin41=PD7
Mcu.Pin42=PB3(JTDO/TRACESWO)
Mcu.Pin43=PB4(NJTRST)
Mcu.Pin44=PB5
Mcu.Pin45=PB6
Mcu.Pin46=PB7
Mcu.Pin47=PB8
Mcu.Pin48=PE0
Mcu.Pin49=PE1
Mcu.Pin5=PA6
Mcu.Pin50=VP_RNG_VS_RNG
Mcu.Pin51=VP_SYS_VS_Systick
Mcu.Pin52=VP_TIM7_VS_ClockSourceINT
Mcu.Pin53=VP_TIM15_VS_ClockSourceINT
Mcu.Pin54=VP_MEMORYMAP_VS_MEMORYMAP
Mcu.Pin6=PA7
Mcu.Pin7=PB0
Mcu.Pin8=PB1
Mcu.Pin9=PE7
Mcu.PinsNb=55
Mcu.ThirdPartyNb=0
Mcu.UserConstants=
Mcu.UserName=STM32H730VBTx
MxCube.Version=6.13.0
MxDb.Version=DB.6.0.130
NVIC.BusFault_IRQn=true\:0\:0\:false\:false\:true\:false\:false\:false
NVIC.DMA1_Stream0_IRQn=true\:0\:0\:false\:false\:true\:false\:true\:true
NVIC.DMA1_Stream1_IRQn=true\:0\:0\:false\:false\:true\:false\:true\:true
NVIC.DMA1_Stream2_IRQn=true\:0\:0\:false\:false\:true\:false\:true\:true
NVIC.DMA1_Stream3_IRQn=true\:0\:0\:false\:false\:true\:false\:true\:true
NVIC.DebugMonitor_IRQn=true\:0\:0\:false\:false\:true\:false\:false\:false
NVIC.EXTI15_10_IRQn=true\:2\:0\:true\:false\:true\:true\:true\:true
NVIC.EXTI9_5_IRQn=true\:2\:0\:true\:false\:true\:true\:true\:true
NVIC.ForceEnableDMAVector=true
NVIC.HardFault_IRQn=true\:0\:0\:false\:false\:true\:false\:false\:false
NVIC.MemoryManagement_IRQn=true\:0\:0\:false\:false\:true\:false\:false\:false
NVIC.NonMaskableInt_IRQn=true\:0\:0\:false\:false\:true\:false\:false\:false
NVIC.PendSV_IRQn=true\:0\:0\:false\:false\:true\:false\:false\:false
NVIC.PriorityGroup=NVIC_PRIORITYGROUP_3
NVIC.SVCall_IRQn=true\:0\:0\:false\:false\:true\:false\:false\:false
NVIC.SysTick_IRQn=true\:5\:0\:true\:false\:true\:false\:true\:false
NVIC.UsageFault_IRQn=true\:0\:0\:false\:false\:true\:false\:false\:false
PA13(JTMS/SWDIO).Mode=Serial_Wire
PA13(JTMS/SWDIO).Signal=DEBUG_JTMS-SWDIO
PA14(JTCK/SWCLK).Mode=Serial_Wire
PA14(JTCK/SWCLK).Signal=DEBUG_JTCK-SWCLK
PA4.Signal=COMP_DAC11_group
PA5.Signal=COMP_DAC12_group
PA6.Signal=ADCx_INP3
PA7.Signal=ADCx_INN3
PA8.Locked=true
PA8.Signal=GPIO_Input
PB0.Signal=ADCx_INN5
PB1.Signal=ADCx_INP5
PB10.Locked=true
PB10.Signal=GPIO_Output
PB11.Locked=true
PB11.Signal=GPIO_Output
PB12.Locked=true
PB12.Signal=GPIO_Output
PB13.Locked=true
PB13.Signal=GPIO_Output
PB14.Locked=true
PB14.Signal=GPIO_Output
PB15.Locked=true
PB15.Signal=GPIO_Output
PB3(JTDO/TRACESWO).Locked=true
PB3(JTDO/TRACESWO).Signal=GPIO_Output
PB4(NJTRST).Locked=true
PB4(NJTRST).Signal=GPIO_Output
PB5.Locked=true
PB5.Signal=GPIO_Output
PB6.Locked=true
PB6.Signal=GPIO_Output
PB7.Locked=true
PB7.Signal=GPIO_Output
PB8.Locked=true
PB8.Signal=GPIO_Output
PC2_C.Mode=IN0-Single-Ended
PC2_C.Signal=ADC3_INP0
PC6.GPIOParameters=GPIO_PuPd
PC6.GPIO_PuPd=GPIO_NOPULL
PC6.Signal=S_TIM3_CH1
PC7.GPIOParameters=GPIO_PuPd
PC7.GPIO_PuPd=GPIO_NOPULL
PC7.Signal=S_TIM3_CH2
PC8.GPIOParameters=GPIO_PuPd,GPIO_ModeDefaultEXTI
PC8.GPIO_ModeDefaultEXTI=GPIO_MODE_IT_FALLING
PC8.GPIO_PuPd=GPIO_PULLUP
PC8.Locked=true
PC8.Signal=GPXTI8
PD0.Locked=true
PD0.Signal=GPIO_Output
PD1.Locked=true
PD1.Signal=GPIO_Output
PD12.Signal=S_TIM4_CH1
PD13.Signal=S_TIM4_CH2
PD14.GPIOParameters=GPIO_PuPd,GPIO_ModeDefaultEXTI
PD14.GPIO_ModeDefaultEXTI=GPIO_MODE_IT_FALLING
PD14.GPIO_PuPd=GPIO_PULLUP
PD14.Locked=true
PD14.Signal=GPXTI14
PD2.Locked=true
PD2.Signal=GPIO_Output
PD3.Locked=true
PD3.Signal=GPIO_Output
PD4.Locked=true
PD4.Signal=GPIO_Output
PD5.Locked=true
PD5.Signal=GPIO_Output
PD6.Locked=true
PD6.Signal=GPIO_Output
PD7.Locked=true
PD7.Signal=GPIO_Output
PD8.Locked=true
PD8.Signal=GPIO_Output
PE0.Mode=Asynchronous
PE0.Signal=UART8_RX
PE1.Mode=Asynchronous
PE1.Signal=UART8_TX
PE10.Locked=true
PE10.Signal=GPIO_Output
PE11.Locked=true
PE11.Signal=GPIO_Output
PE12.Locked=true
PE12.Signal=GPIO_Output
PE13.Locked=true
PE13.Signal=GPIO_Output
PE14.Locked=true
PE14.Signal=GPIO_Output
PE15.Locked=true
PE15.Signal=GPIO_Output
PE7.Locked=true
PE7.Signal=GPIO_Output
PE8.Locked=true
PE8.Signal=GPIO_Output
PE9.Locked=true
PE9.Signal=GPIO_Output
PH0-OSC_IN.Mode=HSE-External-Oscillator
PH0-OSC_IN.Signal=RCC_OSC_IN
PH1-OSC_OUT.Mode=HSE-External-Oscillator
PH1-OSC_OUT.Signal=RCC_OSC_OUT
PinOutPanel.RotationAngle=0
ProjectManager.AskForMigrate=true
ProjectManager.BackupPrevious=false
ProjectManager.CompilerOptimize=6
ProjectManager.ComputerToolchain=false
ProjectManager.CoupleFile=true
ProjectManager.CustomerFirmwarePackage=
ProjectManager.DefaultFWLocation=true
ProjectManager.DeletePrevious=true
ProjectManager.DeviceId=STM32H730VBTx
ProjectManager.FirmwarePackage=STM32Cube FW_H7 V1.12.1
ProjectManager.FreePins=false
ProjectManager.HalAssertFull=false
ProjectManager.HeapSize=0x200
ProjectManager.KeepUserCode=true
ProjectManager.LastFirmware=true
ProjectManager.LibraryCopy=1
ProjectManager.MainLocation=Core/Src
ProjectManager.NoMain=false
ProjectManager.PreviousToolchain=
ProjectManager.ProjectBuild=false
ProjectManager.ProjectFileName=H730_LCR.ioc
ProjectManager.ProjectName=H730_LCR
ProjectManager.ProjectStructure=
ProjectManager.RegisterCallBack=
ProjectManager.StackSize=0x400
ProjectManager.TargetToolchain=Makefile
ProjectManager.ToolChainLocation=
ProjectManager.UAScriptAfterPath=
ProjectManager.UAScriptBeforePath=
ProjectManager.UnderRoot=false
ProjectManager.functionlistsort=1-SystemClock_Config-RCC-false-HAL-false,2-MX_GPIO_Init-GPIO-false-HAL-true,3-MX_DMA_Init-DMA-false-HAL-true,4-MX_ADC2_Init-ADC2-false-HAL-true,5-MX_DAC1_Init-DAC1-false-HAL-true,6-MX_ADC3_Init-ADC3-false-HAL-true,7-MX_TIM3_Init-TIM3-false-HAL-true,8-MX_TIM4_Init-TIM4-false-HAL-true,9-MX_ADC1_Init-ADC1-false-HAL-true,10-MX_UART8_Init-UART8-false-HAL-true,11-MX_TIM15_Init-TIM15-false-HAL-true,12-MX_TIM7_Init-TIM7-false-HAL-true,13-MX_RNG_Init-RNG-false-HAL-true,0-MX_CORTEX_M7_Init-CORTEX_M7-false-HAL-true
RCC.ADCFreq_Value=21120000
RCC.AHB12Freq_Value=240000000
RCC.AHB4Freq_Value=240000000
RCC.APB1Freq_Value=120000000
RCC.APB2Freq_Value=120000000
RCC.APB3Freq_Value=120000000
RCC.APB4Freq_Value=120000000
RCC.AXIClockFreq_Value=240000000
RCC.CECFreq_Value=32000
RCC.CKPERFreq_Value=32000000
RCC.CortexFreq_Value=480000000
RCC.CpuClockFreq_Value=480000000
RCC.D1CPREFreq_Value=480000000
RCC.D1PPRE=RCC_APB3_DIV2
RCC.D2PPRE1=RCC_APB1_DIV2
RCC.D2PPRE2=RCC_APB2_DIV2
RCC.D3PPRE=RCC_APB4_DIV2
RCC.DFSDMACLkFreq_Value=24000000
RCC.DFSDMFreq_Value=120000000
RCC.DIVM1=1
RCC.DIVM2=1
RCC.DIVM3=1
RCC.DIVN1=40
RCC.DIVN2=44
RCC.DIVN3=20
RCC.DIVP1=1
RCC.DIVP1Freq_Value=480000000
RCC.DIVP2=25
RCC.DIVP2Freq_Value=21120000
RCC.DIVP3Freq_Value=120000000
RCC.DIVQ1=20
RCC.DIVQ1Freq_Value=24000000
RCC.DIVQ2Freq_Value=264000000
RCC.DIVQ3=6
RCC.DIVQ3Freq_Value=40000000
RCC.DIVR1Freq_Value=240000000
RCC.DIVR2Freq_Value=264000000
RCC.DIVR3=1
RCC.DIVR3Freq_Value=240000000
RCC.EnbaleCSS=false
RCC.FDCANFreq_Value=24000000
RCC.FMCFreq_Value=240000000
RCC.FamilyName=M
RCC.HCLK3ClockFreq_Value=240000000
RCC.HCLKFreq_Value=240000000
RCC.HPRE=RCC_HCLK_DIV2
RCC.HSE_VALUE=12000000
RCC.HSIDiv=RCC_PLLSAIDIVR_2
RCC.I2C123Freq_Value=120000000
RCC.I2C4Freq_Value=120000000
RCC.IPParameters=ADCFreq_Value,AHB12Freq_Value,AHB4Freq_Value,APB1Freq_Value,APB2Freq_Value,APB3Freq_Value,APB4Freq_Value,AXIClockFreq_Value,CECFreq_Value,CKPERFreq_Value,CortexFreq_Value,CpuClockFreq_Value,D1CPREFreq_Value,D1PPRE,D2PPRE1,D2PPRE2,D3PPRE,DFSDMACLkFreq_Value,DFSDMFreq_Value,DIVM1,DIVM2,DIVM3,DIVN1,DIVN2,DIVN3,DIVP1,DIVP1Freq_Value,DIVP2,DIVP2Freq_Value,DIVP3Freq_Value,DIVQ1,DIVQ1Freq_Value,DIVQ2Freq_Value,DIVQ3,DIVQ3Freq_Value,DIVR1Freq_Value,DIVR2Freq_Value,DIVR3,DIVR3Freq_Value,EnbaleCSS,FDCANFreq_Value,FMCFreq_Value,FamilyName,HCLK3ClockFreq_Value,HCLKFreq_Value,HPRE,HSE_VALUE,HSIDiv,I2C123Freq_Value,I2C4Freq_Value,LPTIM1Freq_Value,LPTIM2Freq_Value,LPTIM345Freq_Value,LPUART1Freq_Value,LTDCFreq_Value,MCO1PinFreq_Value,MCO2PinFreq_Value,PLL2_VCI_Range-AdvancedSettings,PLL2_VCO_SEL-AdvancedSettings,PLLSourceVirtual,QSPIFreq_Value,RCC_MCO1Source,RNGCLockSelection,RNGFreq_Value,RTCFreq_Value,SAI1Freq_Value,SAI4AFreq_Value,SAI4BFreq_Value,SDMMCFreq_Value,SPDIFRXFreq_Value,SPI123Freq_Value,SPI45Freq_Value,SPI6Freq_Value,SWPMI1Freq_Value,SYSCLKFreq_VALUE,SYSCLKSource,Tim1OutputFreq_Value,Tim2OutputFreq_Value,TraceFreq_Value,USART16Freq_Value,USART234578Freq_Value,USBCLockSelection,USBFreq_Value,VCO1OutputFreq_Value,VCO2OutputFreq_Value,VCO3OutputFreq_Value,VCOInput1Freq_Value,VCOInput2Freq_Value,VCOInput3Freq_Value
RCC.LPTIM1Freq_Value=120000000
RCC.LPTIM2Freq_Value=120000000
RCC.LPTIM345Freq_Value=120000000
RCC.LPUART1Freq_Value=120000000
RCC.LTDCFreq_Value=240000000
RCC.MCO1PinFreq_Value=12000000
RCC.MCO2PinFreq_Value=480000000
RCC.PLL2_VCI_Range-AdvancedSettings=RCC_PLL2VCIRANGE_1
RCC.PLL2_VCO_SEL-AdvancedSettings=RCC_PLL2VCOMEDIUM
RCC.PLLSourceVirtual=RCC_PLLSOURCE_HSE
RCC.QSPIFreq_Value=240000000
RCC.RCC_MCO1Source=RCC_MCO1SOURCE_HSE
RCC.RNGCLockSelection=RCC_RNGCLKSOURCE_PLL
RCC.RNGFreq_Value=24000000
RCC.RTCFreq_Value=32000
RCC.SAI1Freq_Value=24000000
RCC.SAI4AFreq_Value=24000000
RCC.SAI4BFreq_Value=24000000
RCC.SDMMCFreq_Value=24000000
RCC.SPDIFRXFreq_Value=24000000
RCC.SPI123Freq_Value=24000000
RCC.SPI45Freq_Value=120000000
RCC.SPI6Freq_Value=120000000
RCC.SWPMI1Freq_Value=120000000
RCC.SYSCLKFreq_VALUE=480000000
RCC.SYSCLKSource=RCC_SYSCLKSOURCE_PLLCLK
RCC.Tim1OutputFreq_Value=240000000
RCC.Tim2OutputFreq_Value=240000000
RCC.TraceFreq_Value=240000000
RCC.USART16Freq_Value=120000000
RCC.USART234578Freq_Value=120000000
RCC.USBCLockSelection=RCC_USBCLKSOURCE_PLL3
RCC.USBFreq_Value=40000000
RCC.VCO1OutputFreq_Value=480000000
RCC.VCO2OutputFreq_Value=528000000
RCC.VCO3OutputFreq_Value=240000000
RCC.VCOInput1Freq_Value=12000000
RCC.VCOInput2Freq_Value=12000000
RCC.VCOInput3Freq_Value=12000000
SH.ADCx_INN3.0=ADC1_INN3,IN3-Differential
SH.ADCx_INN3.ConfNb=1
SH.ADCx_INN5.0=ADC2_INN5,IN5-Differential
SH.ADCx_INN5.ConfNb=1
SH.ADCx_INP3.0=ADC1_INP3,IN3-Differential
SH.ADCx_INP3.ConfNb=1
SH.ADCx_INP5.0=ADC2_INP5,IN5-Differential
SH.ADCx_INP5.ConfNb=1
SH.COMP_DAC11_group.0=DAC1_OUT1,DAC_OUT1
SH.COMP_DAC11_group.ConfNb=1
SH.COMP_DAC12_group.0=DAC1_OUT2,DAC_OUT2
SH.COMP_DAC12_group.ConfNb=1
SH.GPXTI14.0=GPIO_EXTI14
SH.GPXTI14.ConfNb=1
SH.GPXTI8.0=GPIO_EXTI8
SH.GPXTI8.ConfNb=1
SH.S_TIM3_CH1.0=TIM3_CH1,Encoder_Interface
SH.S_TIM3_CH1.ConfNb=1
SH.S_TIM3_CH2.0=TIM3_CH2,Encoder_Interface
SH.S_TIM3_CH2.ConfNb=1
SH.S_TIM4_CH1.0=TIM4_CH1,Encoder_Interface
SH.S_TIM4_CH1.ConfNb=1
SH.S_TIM4_CH2.0=TIM4_CH2,Encoder_Interface
SH.S_TIM4_CH2.ConfNb=1
TIM15.AutoReloadPreload=TIM_AUTORELOAD_PRELOAD_DISABLE
TIM15.IPParameters=Period,TIM_MasterOutputTrigger,AutoReloadPreload
TIM15.Period=250-1
TIM15.TIM_MasterOutputTrigger=TIM_TRGO_UPDATE
TIM3.CounterMode=TIM_COUNTERMODE_UP
TIM3.EncoderMode=TIM_ENCODERMODE_TI12
TIM3.IC1Polarity=TIM_ICPOLARITY_FALLING
TIM3.IC2Polarity=TIM_ICPOLARITY_RISING
TIM3.IPParameters=EncoderMode,CounterMode,IC1Polarity,IC2Polarity
TIM4.CounterMode=TIM_COUNTERMODE_UP
TIM4.EncoderMode=TIM_ENCODERMODE_TI12
TIM4.IC1Polarity=TIM_ICPOLARITY_FALLING
TIM4.IC2Polarity=TIM_ICPOLARITY_RISING
TIM4.IPParameters=EncoderMode,CounterMode,IC1Polarity,IC2Polarity
TIM7.IPParameters=Period,TIM_MasterOutputTrigger
TIM7.Period=48-1
TIM7.TIM_MasterOutputTrigger=TIM_TRGO_UPDATE
VP_MEMORYMAP_VS_MEMORYMAP.Mode=CurAppReg
VP_MEMORYMAP_VS_MEMORYMAP.Signal=MEMORYMAP_VS_MEMORYMAP
VP_RNG_VS_RNG.Mode=RNG_Activate
VP_RNG_VS_RNG.Signal=RNG_VS_RNG
VP_SYS_VS_Systick.Mode=SysTick
VP_SYS_VS_Systick.Signal=SYS_VS_Systick
VP_TIM15_VS_ClockSourceINT.Mode=Internal
VP_TIM15_VS_ClockSourceINT.Signal=TIM15_VS_ClockSourceINT
VP_TIM7_VS_ClockSourceINT.Mode=Enable_Timer
VP_TIM7_VS_ClockSourceINT.Signal=TIM7_VS_ClockSourceINT
board=custom
